
Microsoft Visual Studio Solution File, Format Version 12.00
# Visual Studio Version 17
VisualStudioVersion = 17.14.36414.22
MinimumVisualStudioVersion = 10.0.40219.1
Project("{F184B08F-C81C-45F6-A57F-5ABD9991F28F}") = "LineTraceSim", "LineTraceSim\LineTraceSim.vbproj", "{C7708E1A-D7AE-46D7-A644-C22E197A69F8}"
EndProject
Project("{8BC9CEB8-8B4A-11D0-8D11-00A0C91BC942}") = "LineTraceAlgorithm", "LineTraceAlgorithm\LineTraceAlgorithm.vcxproj", "{76E1C963-DC45-4E01-ABE6-DA2F91855D13}"
EndProject
Global
	GlobalSection(SolutionConfigurationPlatforms) = preSolution
		Debug|Any CPU = Debug|Any CPU
		Debug|x64 = Debug|x64
		Debug|x86 = Debug|x86
		Release|Any CPU = Release|Any CPU
		Release|x64 = Release|x64
		Release|x86 = Release|x86
	EndGlobalSection
	GlobalSection(ProjectConfigurationPlatforms) = postSolution
		{C7708E1A-D7AE-46D7-A644-C22E197A69F8}.Debug|Any CPU.ActiveCfg = Debug|Any CPU
		{C7708E1A-D7AE-46D7-A644-C22E197A69F8}.Debug|Any CPU.Build.0 = Debug|Any CPU
		{C7708E1A-D7AE-46D7-A644-C22E197A69F8}.Debug|x64.ActiveCfg = Debug|Any CPU
		{C7708E1A-D7AE-46D7-A644-C22E197A69F8}.Debug|x64.Build.0 = Debug|Any CPU
		{C7708E1A-D7AE-46D7-A644-C22E197A69F8}.Debug|x86.ActiveCfg = Debug|Any CPU
		{C7708E1A-D7AE-46D7-A644-C22E197A69F8}.Debug|x86.Build.0 = Debug|Any CPU
		{C7708E1A-D7AE-46D7-A644-C22E197A69F8}.Release|Any CPU.ActiveCfg = Release|Any CPU
		{C7708E1A-D7AE-46D7-A644-C22E197A69F8}.Release|Any CPU.Build.0 = Release|Any CPU
		{C7708E1A-D7AE-46D7-A644-C22E197A69F8}.Release|x64.ActiveCfg = Release|Any CPU
		{C7708E1A-D7AE-46D7-A644-C22E197A69F8}.Release|x64.Build.0 = Release|Any CPU
		{C7708E1A-D7AE-46D7-A644-C22E197A69F8}.Release|x86.ActiveCfg = Release|Any CPU
		{C7708E1A-D7AE-46D7-A644-C22E197A69F8}.Release|x86.Build.0 = Release|Any CPU
		{76E1C963-DC45-4E01-ABE6-DA2F91855D13}.Debug|Any CPU.ActiveCfg = Debug|x64
		{76E1C963-DC45-4E01-ABE6-DA2F91855D13}.Debug|Any CPU.Build.0 = Debug|x64
		{76E1C963-DC45-4E01-ABE6-DA2F91855D13}.Debug|x64.ActiveCfg = Debug|x64
		{76E1C963-DC45-4E01-ABE6-DA2F91855D13}.Debug|x64.Build.0 = Debug|x64
		{76E1C963-DC45-4E01-ABE6-DA2F91855D13}.Debug|x86.ActiveCfg = Debug|Win32
		{76E1C963-DC45-4E01-ABE6-DA2F91855D13}.Debug|x86.Build.0 = Debug|Win32
		{76E1C963-DC45-4E01-ABE6-DA2F91855D13}.Release|Any CPU.ActiveCfg = Release|x64
		{76E1C963-DC45-4E01-ABE6-DA2F91855D13}.Release|Any CPU.Build.0 = Release|x64
		{76E1C963-DC45-4E01-ABE6-DA2F91855D13}.Release|x64.ActiveCfg = Release|x64
		{76E1C963-DC45-4E01-ABE6-DA2F91855D13}.Release|x64.Build.0 = Release|x64
		{76E1C963-DC45-4E01-ABE6-DA2F91855D13}.Release|x86.ActiveCfg = Release|Win32
		{76E1C963-DC45-4E01-ABE6-DA2F91855D13}.Release|x86.Build.0 = Release|Win32
	EndGlobalSection
	GlobalSection(SolutionProperties) = preSolution
		HideSolutionNode = FALSE
	EndGlobalSection
	GlobalSection(ExtensibilityGlobals) = postSolution
		SolutionGuid = {76959C1A-ECFF-4940-BF89-090F2A4CFF3E}
	EndGlobalSection
EndGlobal
